<?xml version="1.0" encoding="utf-8"?>
<Project ToolsVersion="4.0" xmlns="http://schemas.microsoft.com/developer/msbuild/2003">
  <ItemGroup>
    <Filter Include="Source Files">
      <UniqueIdentifier>{4FC737F1-C7A5-4376-A066-2A32D752A2FF}</UniqueIdentifier>
      <Extensions>cpp;c;cc;cxx;c++;def;odl;idl;hpj;bat;asm;asmx</Extensions>
    </Filter>
    <Filter Include="Header Files">
      <UniqueIdentifier>{93995380-89BD-4b04-88EB-625FBE52EBFB}</UniqueIdentifier>
      <Extensions>h;hh;hpp;hxx;h++;hm;inl;inc;ipp;xsd</Extensions>
    </Filter>
    <Filter Include="Resource Files">
      <UniqueIdentifier>{67DA6AB6-F800-4c08-8B7A-83BB121AAD01}</UniqueIdentifier>
      <Extensions>rc;ico;cur;bmp;dlg;rc2;rct;bin;rgs;gif;jpg;jpeg;jpe;resx;tiff;tif;png;wav;mfcribbon-ms</Extensions>
    </Filter>
    <Filter Include="Source Files\src">
      <UniqueIdentifier>{ee1f079c-2d10-4925-b13b-7721a290b249}</UniqueIdentifier>
    </Filter>
    <Filter Include="Source Files\libs">
      <UniqueIdentifier>{37afab9e-6198-470a-ae7d-dc762df05073}</UniqueIdentifier>
    </Filter>
    <Filter Include="Source Files\Imgui">
      <UniqueIdentifier>{2bd8dfca-9ae4-47dc-8a6a-bced9ad96ace}</UniqueIdentifier>
    </Filter>
    <Filter Include="Header Files\resources">
      <UniqueIdentifier>{ee5c9155-3ade-4a8a-898d-260183a484a3}</UniqueIdentifier>
    </Filter>
    <Filter Include="Header Files\vulkan">
      <UniqueIdentifier>{0f2072b8-354b-4a5d-9cb1-5255819f2b64}</UniqueIdentifier>
    </Filter>
    <Filter Include="Header Files\asset">
      <UniqueIdentifier>{a398d50f-bb15-45e8-996c-94f722fa7235}</UniqueIdentifier>
    </Filter>
    <Filter Include="Header Files\helpers">
      <UniqueIdentifier>{77c5a91c-635b-4196-bdf8-7e06ae49e435}</UniqueIdentifier>
    </Filter>
    <Filter Include="Header Files\rendering">
      <UniqueIdentifier>{df8f72f4-1cf3-41b4-867c-c50da7dd6933}</UniqueIdentifier>
    </Filter>
    <Filter Include="Header Files\SDF">
      <UniqueIdentifier>{5c2eba33-dfc0-48f9-9118-8b0ee2cbd2dc}</UniqueIdentifier>
    </Filter>
  </ItemGroup>
  <ItemGroup>
    <ClCompile Include="main.cpp">
      <Filter>Source Files\src</Filter>
    </ClCompile>
    <ClCompile Include="fast_obj.c">
      <Filter>Source Files\libs</Filter>
    </ClCompile>
    <ClCompile Include="Imgui\imgui_demo.cpp">
      <Filter>Source Files\Imgui</Filter>
    </ClCompile>
    <ClCompile Include="Imgui\imgui_draw.cpp">
      <Filter>Source Files\Imgui</Filter>
    </ClCompile>
    <ClCompile Include="Imgui\imgui_impl_glfw.cpp">
      <Filter>Source Files\Imgui</Filter>
    </ClCompile>
    <ClCompile Include="Imgui\imgui_impl_vulkan.cpp">
      <Filter>Source Files\Imgui</Filter>
    </ClCompile>
    <ClCompile Include="Imgui\imgui_tables.cpp">
      <Filter>Source Files\Imgui</Filter>
    </ClCompile>
    <ClCompile Include="Imgui\imgui_widgets.cpp">
      <Filter>Source Files\Imgui</Filter>
    </ClCompile>
    <ClCompile Include="Imgui\imgui.cpp">
      <Filter>Source Files\Imgui</Filter>
    </ClCompile>
    <ClCompile Include="MeshLoader.cpp">
      <Filter>Source Files\src</Filter>
    </ClCompile>
    <ClCompile Include="cameraObj.cpp">
      <Filter>Source Files\src</Filter>
    </ClCompile>
    <ClCompile Include="ImageLoader.cpp">
      <Filter>Source Files\src</Filter>
    </ClCompile>
  </ItemGroup>
  <ItemGroup>
    <ClInclude Include="fast_obj.h">
      <Filter>Source Files\libs</Filter>
    </ClInclude>
    <ClInclude Include="Imgui\imgui.h">
      <Filter>Source Files\Imgui</Filter>
    </ClInclude>
    <ClInclude Include="Imgui\imgui_impl_glfw.h">
      <Filter>Source Files\Imgui</Filter>
    </ClInclude>
    <ClInclude Include="Imgui\imgui_impl_vulkan.h">
      <Filter>Source Files\Imgui</Filter>
    </ClInclude>
    <ClInclude Include="Imgui\imgui_internal.h">
      <Filter>Source Files\Imgui</Filter>
    </ClInclude>
    <ClInclude Include="Imgui\imstb_rectpack.h">
      <Filter>Source Files\Imgui</Filter>
    </ClInclude>
    <ClInclude Include="Imgui\imstb_textedit.h">
      <Filter>Source Files\Imgui</Filter>
    </ClInclude>
    <ClInclude Include="Imgui\imstb_truetype.h">
      <Filter>Source Files\Imgui</Filter>
    </ClInclude>
    <ClInclude Include="Imgui\imconfig.h">
      <Filter>Source Files\Imgui</Filter>
    </ClInclude>
    <ClInclude Include="material.hpp">
      <Filter>Header Files\resources</Filter>
    </ClInclude>
    <ClInclude Include="buffer.hpp">
      <Filter>Header Files\resources</Filter>
    </ClInclude>
    <ClInclude Include="image.hpp">
      <Filter>Header Files\resources</Filter>
    </ClInclude>
    <ClInclude Include="swapchain.hpp">
      <Filter>Header Files\resources</Filter>
    </ClInclude>
    <ClInclude Include="mesh.hpp">
      <Filter>Header Files\resources</Filter>
    </ClInclude>
    <ClInclude Include="buffer_helpers.hpp">
      <Filter>Header Files\resources</Filter>
    </ClInclude>
    <ClInclude Include="core.hpp">
      <Filter>Header Files\vulkan</Filter>
    </ClInclude>
    <ClInclude Include="frame.hpp">
      <Filter>Header Files\vulkan</Filter>
    </ClInclude>
    <ClInclude Include="ImageLoader.hpp">
      <Filter>Header Files\asset</Filter>
    </ClInclude>
    <ClInclude Include="MeshLoader.hpp">
      <Filter>Header Files\asset</Filter>
    </ClInclude>
    <ClInclude Include="cameraObj.h">
      <Filter>Header Files\helpers</Filter>
    </ClInclude>
    <ClInclude Include="imgui_helper.hpp">
      <Filter>Header Files\helpers</Filter>
    </ClInclude>
    <ClInclude Include="vulkan_utils.hpp">
      <Filter>Header Files\vulkan</Filter>
    </ClInclude>
    <ClInclude Include="window_helper.h">
      <Filter>Header Files\helpers</Filter>
    </ClInclude>
    <ClInclude Include="skybox.hpp">
      <Filter>Header Files\rendering</Filter>
    </ClInclude>
    <ClInclude Include="ConcurrentQueue.hpp">
      <Filter>Header Files\helpers</Filter>
    </ClInclude>
    <ClInclude Include="light.hpp">
      <Filter>Header Files\resources</Filter>
    </ClInclude>
    <ClInclude Include="storage_helper.hpp">
      <Filter>Header Files\helpers</Filter>
    </ClInclude>
    <ClInclude Include="asyncImageLoader.hpp">
      <Filter>Header Files\resources</Filter>
    </ClInclude>
    <ClInclude Include="GLTFScene.hpp">
      <Filter>Header Files\rendering</Filter>
    </ClInclude>
    <ClInclude Include="sdfGenerator.hpp">
      <Filter>Header Files</Filter>
    </ClInclude>
  </ItemGroup>
</Project>